Microsoft Visual Studio Solution File, Format Version 12.00
# Visual Studio Version 17
VisualStudioVersion = 17.5.2.0
MinimumVisualStudioVersion = 10.0.40219.1
Project("{FAE04EC0-301F-11D3-BF4B-00C04F79EFBC}") = "MyBlazerWebApp", "MyBlazerWebApp.csproj", "{A82A5041-90F6-56E4-EFE3-2F35E1AC0501}"
EndProject
Global
	GlobalSection(SolutionConfigurationPlatforms) = preSolution
		Debug|Any CPU = Debug|Any CPU
		Release|Any CPU = Release|Any CPU
	EndGlobalSection
	GlobalSection(ProjectConfigurationPlatforms) = postSolution
		{A82A5041-90F6-56E4-EFE3-2F35E1AC0501}.Debug|Any CPU.ActiveCfg = Debug|Any CPU
		{A82A5041-90F6-56E4-EFE3-2F35E1AC0501}.Debug|Any CPU.Build.0 = Debug|Any CPU
		{A82A5041-90F6-56E4-EFE3-2F35E1AC0501}.Release|Any CPU.ActiveCfg = Release|Any CPU
		{A82A5041-90F6-56E4-EFE3-2F35E1AC0501}.Release|Any CPU.Build.0 = Release|Any CPU
	EndGlobalSection
	GlobalSection(SolutionProperties) = preSolution
		HideSolutionNode = FALSE
	EndGlobalSection
	GlobalSection(ExtensibilityGlobals) = postSolution
		SolutionGuid = {663F12D9-F25B-435A-B7FE-1FDDB29799DA}
	EndGlobalSection
EndGlobal
